// !$*UTF8*$!
{
	archiveVersion = 1;
	classes = {
	};
	objectVersion = 50;
	objects = {

/* Begin PBXBuildFile section */
		37D904E02087EA9E0094535A /* AppDelegate.swift in Sources */ = {isa = PBXBuildFile; fileRef = 37D904DF2087EA9E0094535A /* AppDelegate.swift */; };
		37D904E22087EA9E0094535A /* ViewController.swift in Sources */ = {isa = PBXBuildFile; fileRef = 37D904E12087EA9E0094535A /* ViewController.swift */; };
		37D904E52087EA9E0094535A /* Main.storyboard in Resources */ = {isa = PBXBuildFile; fileRef = 37D904E32087EA9E0094535A /* Main.storyboard */; };
		37D904E72087EA9F0094535A /* Assets.xcassets in Resources */ = {isa = PBXBuildFile; fileRef = 37D904E62087EA9F0094535A /* Assets.xcassets */; };
		37D904EA2087EA9F0094535A /* LaunchScreen.storyboard in Resources */ = {isa = PBXBuildFile; fileRef = 37D904E82087EA9F0094535A /* LaunchScreen.storyboard */; };
		37D904F52087EA9F0094535A /* ZwiftLinkTests.swift in Sources */ = {isa = PBXBuildFile; fileRef = 37D904F42087EA9F0094535A /* ZwiftLinkTests.swift */; };
		37D905002087EA9F0094535A /* ZwiftLinkUITests.swift in Sources */ = {isa = PBXBuildFile; fileRef = 37D904FF2087EA9F0094535A /* ZwiftLinkUITests.swift */; };
/* End PBXBuildFile section */

/* Begin PBXContainerItemProxy section */
		37D904F12087EA9F0094535A /* PBXContainerItemProxy */ = {
			isa = PBXContainerItemProxy;
			containerPortal = 37D904D42087EA9E0094535A /* Project object */;
			proxyType = 1;
			remoteGlobalIDString = 37D904DB2087EA9E0094535A;
			remoteInfo = ZwiftLink;
		};
		37D904FC2087EA9F0094535A /* PBXContainerItemProxy */ = {
			isa = PBXContainerItemProxy;
			containerPortal = 37D904D42087EA9E0094535A /* Project object */;
			proxyType = 1;
			remoteGlobalIDString = 37D904DB2087EA9E0094535A;
			remoteInfo = ZwiftLink;
		};
/* End PBXContainerItemProxy section */

/* Begin PBXFileReference section */
		37D904DC2087EA9E0094535A /* ZwiftLink.app */ = {isa = PBXFileReference; explicitFileType = wrapper.application; includeInIndex = 0; path = ZwiftLink.app; sourceTree = BUILT_PRODUCTS_DIR; };
		37D904DF2087EA9E0094535A /* AppDelegate.swift */ = {isa = PBXFileReference; lastKnownFileType = sourcecode.swift; path = AppDelegate.swift; sourceTree = "<group>"; };
		37D904E12087EA9E0094535A /* ViewController.swift */ = {isa = PBXFileReference; lastKnownFileType = sourcecode.swift; path = ViewController.swift; sourceTree = "<group>"; };
		37D904E42087EA9E0094535A /* Base */ = {isa = PBXFileReference; lastKnownFileType = file.storyboard; name = Base; path = Base.lproj/Main.storyboard; sourceTree = "<group>"; };
		37D904E62087EA9F0094535A /* Assets.xcassets */ = {isa = PBXFileReference; lastKnownFileType = folder.assetcatalog; path = Assets.xcassets; sourceTree = "<group>"; };
		37D904E92087EA9F0094535A /* Base */ = {isa = PBXFileReference; lastKnownFileType = file.storyboard; name = Base; path = Base.lproj/LaunchScreen.storyboard; sourceTree = "<group>"; };
		37D904EB2087EA9F0094535A /* Info.plist */ = {isa = PBXFileReference; lastKnownFileType = text.plist.xml; path = Info.plist; sourceTree = "<group>"; };
		37D904F02087EA9F0094535A /* ZwiftLinkTests.xctest */ = {isa = PBXFileReference; explicitFileType = wrapper.cfbundle; includeInIndex = 0; path = ZwiftLinkTests.xctest; sourceTree = BUILT_PRODUCTS_DIR; };
		37D904F42087EA9F0094535A /* ZwiftLinkTests.swift */ = {isa = PBXFileReference; lastKnownFileType = sourcecode.swift; path = ZwiftLinkTests.swift; sourceTree = "<group>"; };
		37D904F62087EA9F0094535A /* Info.plist */ = {isa = PBXFileReference; lastKnownFileType = text.plist.xml; path = Info.plist; sourceTree = "<group>"; };
		37D904FB2087EA9F0094535A /* ZwiftLinkUITests.xctest */ = {isa = PBXFileReference; explicitFileType = wrapper.cfbundle; includeInIndex = 0; path = ZwiftLinkUITests.xctest; sourceTree = BUILT_PRODUCTS_DIR; };
		37D904FF2087EA9F0094535A /* ZwiftLinkUITests.swift */ = {isa = PBXFileReference; lastKnownFileType = sourcecode.swift; path = ZwiftLinkUITests.swift; sourceTree = "<group>"; };
		37D905012087EA9F0094535A /* Info.plist */ = {isa = PBXFileReference; lastKnownFileType = text.plist.xml; path = Info.plist; sourceTree = "<group>"; };
/* End PBXFileReference section */

/* Begin PBXFrameworksBuildPhase section */
		37D904D92087EA9E0094535A /* Frameworks */ = {
			isa = PBXFrameworksBuildPhase;
			buildActionMask = 2147483647;
			files = (
			);
			runOnlyForDeploymentPostprocessing = 0;
		};
		37D904ED2087EA9F0094535A /* Frameworks */ = {
			isa = PBXFrameworksBuildPhase;
			buildActionMask = 2147483647;
			files = (
			);
			runOnlyForDeploymentPostprocessing = 0;
		};
		37D904F82087EA9F0094535A /* Frameworks */ = {
			isa = PBXFrameworksBuildPhase;
			buildActionMask = 2147483647;
			files = (
			);
			runOnlyForDeploymentPostprocessing = 0;
		};
/* End PBXFrameworksBuildPhase section */

/* Begin PBXGroup section */
		37D904D32087EA9E0094535A = {
			isa = PBXGroup;
			children = (
				37D904DE2087EA9E0094535A /* ZwiftLink */,
				37D904F32087EA9F0094535A /* ZwiftLinkTests */,
				37D904FE2087EA9F0094535A /* ZwiftLinkUITests */,
				37D904DD2087EA9E0094535A /* Products */,
			);
			sourceTree = "<group>";
		};
		37D904DD2087EA9E0094535A /* Products */ = {
			isa = PBXGroup;
			children = (
				37D904DC2087EA9E0094535A /* ZwiftLink.app */,
				37D904F02087EA9F0094535A /* ZwiftLinkTests.xctest */,
				37D904FB2087EA9F0094535A /* ZwiftLinkUITests.xctest */,
			);
			name = Products;
			sourceTree = "<group>";
		};
		37D904DE2087EA9E0094535A /* ZwiftLink */ = {
			isa = PBXGroup;
			children = (
				37D904DF2087EA9E0094535A /* AppDelegate.swift */,
				37D904E12087EA9E0094535A /* ViewController.swift */,
				37D904E32087EA9E0094535A /* Main.storyboard */,
				37D904E62087EA9F0094535A /* Assets.xcassets */,
				37D904E82087EA9F0094535A /* LaunchScreen.storyboard */,
				37D904EB2087EA9F0094535A /* Info.plist */,
			);
			path = ZwiftLink;
			sourceTree = "<group>";
		};
		37D904F32087EA9F0094535A /* ZwiftLinkTests */ = {
			isa = PBXGroup;
			children = (
				37D904F42087EA9F0094535A /* ZwiftLinkTests.swift */,
				37D904F62087EA9F0094535A /* Info.plist */,
			);
			path = ZwiftLinkTests;
			sourceTree = "<group>";
		};
		37D904FE2087EA9F0094535A /* ZwiftLinkUITests */ = {
			isa = PBXGroup;
			children = (
				37D904FF2087EA9F0094535A /* ZwiftLinkUITests.swift */,
				37D905012087EA9F0094535A /* Info.plist */,
			);
			path = ZwiftLinkUITests;
			sourceTree = "<group>";
		};
/* End PBXGroup section */

/* Begin PBXNativeTarget section */
		37D904DB2087EA9E0094535A /* ZwiftLink */ = {
			isa = PBXNativeTarget;
			buildConfigurationList = 37D905042087EA9F0094535A /* Build configuration list for PBXNativeTarget "ZwiftLink" */;
			buildPhases = (
				37D904D82087EA9E0094535A /* Sources */,
				37D904D92087EA9E0094535A /* Frameworks */,
				37D904DA2087EA9E0094535A /* Resources */,
			);
			buildRules = (
			);
			dependencies = (
			);
			name = ZwiftLink;
			productName = ZwiftLink;
			productReference = 37D904DC2087EA9E0094535A /* ZwiftLink.app */;
			productType = "com.apple.product-type.application";
		};
		37D904EF2087EA9F0094535A /* ZwiftLinkTests */ = {
			isa = PBXNativeTarget;
			buildConfigurationList = 37D905072087EA9F0094535A /* Build configuration list for PBXNativeTarget "ZwiftLinkTests" */;
			buildPhases = (
				37D904EC2087EA9F0094535A /* Sources */,
				37D904ED2087EA9F0094535A /* Frameworks */,
				37D904EE2087EA9F0094535A /* Resources */,
			);
			buildRules = (
			);
			dependencies = (
				37D904F22087EA9F0094535A /* PBXTargetDependency */,
			);
			name = ZwiftLinkTests;
			productName = ZwiftLinkTests;
			productReference = 37D904F02087EA9F0094535A /* ZwiftLinkTests.xctest */;
			productType = "com.apple.product-type.bundle.unit-test";
		};
		37D904FA2087EA9F0094535A /* ZwiftLinkUITests */ = {
			isa = PBXNativeTarget;
			buildConfigurationList = 37D9050A2087EA9F0094535A /* Build configuration list for PBXNativeTarget "ZwiftLinkUITests" */;
			buildPhases = (
				37D904F72087EA9F0094535A /* Sources */,
				37D904F82087EA9F0094535A /* Frameworks */,
				37D904F92087EA9F0094535A /* Resources */,
			);
			buildRules = (
			);
			dependencies = (
				37D904FD2087EA9F0094535A /* PBXTargetDependency */,
			);
			name = ZwiftLinkUITests;
			productName = ZwiftLinkUITests;
			productReference = 37D904FB2087EA9F0094535A /* ZwiftLinkUITests.xctest */;
			productType = "com.apple.product-type.bundle.ui-testing";
		};
/* End PBXNativeTarget section */

/* Begin PBXProject section */
		37D904D42087EA9E0094535A /* Project object */ = {
			isa = PBXProject;
			attributes = {
				LastSwiftUpdateCheck = 0930;
				LastUpgradeCheck = 0930;
				TargetAttributes = {
					37D904DB2087EA9E0094535A = {
						CreatedOnToolsVersion = 9.3;
					};
					37D904EF2087EA9F0094535A = {
						CreatedOnToolsVersion = 9.3;
						TestTargetID = 37D904DB2087EA9E0094535A;
					};
					37D904FA2087EA9F0094535A = {
						CreatedOnToolsVersion = 9.3;
						TestTargetID = 37D904DB2087EA9E0094535A;
					};
				};
			};
			buildConfigurationList = 37D904D72087EA9E0094535A /* Build configuration list for PBXProject "ZwiftLink" */;
			compatibilityVersion = "Xcode 9.3";
			developmentRegion = en;
			hasScannedForEncodings = 0;
			knownRegions = (
				en,
				Base,
			);
			mainGroup = 37D904D32087EA9E0094535A;
			productRefGroup = 37D904DD2087EA9E0094535A /* Products */;
			projectDirPath = "";
			projectRoot = "";
			targets = (
				37D904DB2087EA9E0094535A /* ZwiftLink */,
				37D904EF2087EA9F0094535A /* ZwiftLinkTests */,
				37D904FA2087EA9F0094535A /* ZwiftLinkUITests */,
			);
		};
/* End PBXProject section */

/* Begin PBXResourcesBuildPhase section */
		37D904DA2087EA9E0094535A /* Resources */ = {
			isa = PBXResourcesBuildPhase;
			buildActionMask = 2147483647;
			files = (
				37D904EA2087EA9F0094535A /* LaunchScreen.storyboard in Resources */,
				37D904E72087EA9F0094535A /* Assets.xcassets in Resources */,
				37D904E52087EA9E0094535A /* Main.storyboard in Resources */,
			);
			runOnlyForDeploymentPostprocessing = 0;
		};
		37D904EE2087EA9F0094535A /* Resources */ = {
			isa = PBXResourcesBuildPhase;
			buildActionMask = 2147483647;
			files = (
			);
			runOnlyForDeploymentPostprocessing = 0;
		};
		37D904F92087EA9F0094535A /* Resources */ = {
			isa = PBXResourcesBuildPhase;
			buildActionMask = 2147483647;
			files = (
			);
			runOnlyForDeploymentPostprocessing = 0;
		};
/* End PBXResourcesBuildPhase section */

/* Begin PBXSourcesBuildPhase section */
		37D904D82087EA9E0094535A /* Sources */ = {
			isa = PBXSourcesBuildPhase;
			buildActionMask = 2147483647;
			files = (
				37D904E22087EA9E0094535A /* ViewController.swift in Sources */,
				37D904E02087EA9E0094535A /* AppDelegate.swift in Sources */,
			);
			runOnlyForDeploymentPostprocessing = 0;
		};
		37D904EC2087EA9F0094535A /* Sources */ = {
			isa = PBXSourcesBuildPhase;
			buildActionMask = 2147483647;
			files = (
				37D904F52087EA9F0094535A /* ZwiftLinkTests.swift in Sources */,
			);
			runOnlyForDeploymentPostprocessing = 0;
		};
		37D904F72087EA9F0094535A /* Sources */ = {
			isa = PBXSourcesBuildPhase;
			buildActionMask = 2147483647;
			files = (
				37D905002087EA9F0094535A /* ZwiftLinkUITests.swift in Sources */,
			);
			runOnlyForDeploymentPostprocessing = 0;
		};
/* End PBXSourcesBuildPhase section */

/* Begin PBXTargetDependency section */
		37D904F22087EA9F0094535A /* PBXTargetDependency */ = {
			isa = PBXTargetDependency;
			target = 37D904DB2087EA9E0094535A /* ZwiftLink */;
			targetProxy = 37D904F12087EA9F0094535A /* PBXContainerItemProxy */;
		};
		37D904FD2087EA9F0094535A /* PBXTargetDependency */ = {
			isa = PBXTargetDependency;
			target = 37D904DB2087EA9E0094535A /* ZwiftLink */;
			targetProxy = 37D904FC2087EA9F0094535A /* PBXContainerItemProxy */;
		};
/* End PBXTargetDependency section */

/* Begin PBXVariantGroup section */
		37D904E32087EA9E0094535A /* Main.storyboard */ = {
			isa = PBXVariantGroup;
			children = (
				37D904E42087EA9E0094535A /* Base */,
			);
			name = Main.storyboard;
			sourceTree = "<group>";
		};
		37D904E82087EA9F0094535A /* LaunchScreen.storyboard */ = {
			isa = PBXVariantGroup;
			children = (
				37D904E92087EA9F0094535A /* Base */,
			);
			name = LaunchScreen.storyboard;
			sourceTree = "<group>";
		};
/* End PBXVariantGroup section */

/* Begin XCBuildConfiguration section */
		37D905022087EA9F0094535A /* Debug */ = {
			isa = XCBuildConfiguration;
			buildSettings = {
				ALWAYS_SEARCH_USER_PATHS = NO;
				CLANG_ANALYZER_NONNULL = YES;
				CLANG_ANALYZER_NUMBER_OBJECT_CONVERSION = YES_AGGRESSIVE;
				CLANG_CXX_LANGUAGE_STANDARD = "gnu++14";
				CLANG_CXX_LIBRARY = "libc++";
				CLANG_ENABLE_MODULES = YES;
				CLANG_ENABLE_OBJC_ARC = YES;
				CLANG_ENABLE_OBJC_WEAK = YES;
				CLANG_WARN_BLOCK_CAPTURE_AUTORELEASING = YES;
				CLANG_WARN_BOOL_CONVERSION = YES;
				CLANG_WARN_COMMA = YES;
				CLANG_WARN_CONSTANT_CONVERSION = YES;
				CLANG_WARN_DEPRECATED_OBJC_IMPLEMENTATIONS = YES;
				CLANG_WARN_DIRECT_OBJC_ISA_USAGE = YES_ERROR;
				CLANG_WARN_DOCUMENTATION_COMMENTS = YES;
				CLANG_WARN_EMPTY_BODY = YES;
				CLANG_WARN_ENUM_CONVERSION = YES;
				CLANG_WARN_INFINITE_RECURSION = YES;
				CLANG_WARN_INT_CONVERSION = YES;
				CLANG_WARN_NON_LITERAL_NULL_CONVERSION = YES;
				CLANG_WARN_OBJC_IMPLICIT_RETAIN_SELF = YES;
				CLANG_WARN_OBJC_LITERAL_CONVERSION = YES;
				CLANG_WARN_OBJC_ROOT_CLASS = YES_ERROR;
				CLANG_WARN_RANGE_LOOP_ANALYSIS = YES;
				CLANG_WARN_STRICT_PROTOTYPES = YES;
				CLANG_WARN_SUSPICIOUS_MOVE = YES;
				CLANG_WARN_UNGUARDED_AVAILABILITY = YES_AGGRESSIVE;
				CLANG_WARN_UNREACHABLE_CODE = YES;
				CLANG_WARN__DUPLICATE_METHOD_MATCH = YES;
				CODE_SIGN_IDENTITY = "iPhone Developer";
				COPY_PHASE_STRIP = NO;
				DEBUG_INFORMATION_FORMAT = dwarf;
				ENABLE_STRICT_OBJC_MSGSEND = YES;
				ENABLE_TESTABILITY = YES;
				GCC_C_LANGUAGE_STANDARD = gnu11;
				GCC_DYNAMIC_NO_PIC = NO;
				GCC_NO_COMMON_BLOCKS = YES;
				GCC_OPTIMIZATION_LEVEL = 0;
				GCC_PREPROCESSOR_DEFINITIONS = (
					"DEBUG=1",
					"$(inherited)",
				);
				GCC_WARN_64_TO_32_BIT_CONVERSION = YES;
				GCC_WARN_ABOUT_RETURN_TYPE = YES_ERROR;
				GCC_WARN_UNDECLARED_SELECTOR = YES;
				GCC_WARN_UNINITIALIZED_AUTOS = YES_AGGRESSIVE;
				GCC_WARN_UNUSED_FUNCTION = YES;
				GCC_WARN_UNUSED_VARIABLE = YES;
				IPHONEOS_DEPLOYMENT_TARGET = 11.3;
				MTL_ENABLE_DEBUG_INFO = YES;
				ONLY_ACTIVE_ARCH = YES;
				SDKROOT = iphoneos;
				SWIFT_ACTIVE_COMPILATION_CONDITIONS = DEBUG;
				SWIFT_OPTIMIZATION_LEVEL = "-Onone";
			};
			name = Debug;
		};
		37D905032087EA9F0094535A /* Release */ = {
			isa = XCBuildConfiguration;
			buildSettings = {
				ALWAYS_SEARCH_USER_PATHS = NO;
				CLANG_ANALYZER_NONNULL = YES;
				CLANG_ANALYZER_NUMBER_OBJECT_CONVERSION = YES_AGGRESSIVE;
				CLANG_CXX_LANGUAGE_STANDARD = "gnu++14";
				CLANG_CXX_LIBRARY = "libc++";
				CLANG_ENABLE_MODULES = YES;
				CLANG_ENABLE_OBJC_ARC = YES;
				CLANG_ENABLE_OBJC_WEAK = YES;
				CLANG_WARN_BLOCK_CAPTURE_AUTORELEASING = YES;
				CLANG_WARN_BOOL_CONVERSION = YES;
				CLANG_WARN_COMMA = YES;
				CLANG_WARN_CONSTANT_CONVERSION = YES;
				CLANG_WARN_DEPRECATED_OBJC_IMPLEMENTATIONS = YES;
				CLANG_WARN_DIRECT_OBJC_ISA_USAGE = YES_ERROR;
				CLANG_WARN_DOCUMENTATION_COMMENTS = YES;
				CLANG_WARN_EMPTY_BODY = YES;
				CLANG_WARN_ENUM_CONVERSION = YES;
				CLANG_WARN_INFINITE_RECURSION = YES;
				CLANG_WARN_INT_CONVERSION = YES;
				CLANG_WARN_NON_LITERAL_NULL_CONVERSION = YES;
				CLANG_WARN_OBJC_IMPLICIT_RETAIN_SELF = YES;
				CLANG_WARN_OBJC_LITERAL_CONVERSION = YES;
				CLANG_WARN_OBJC_ROOT_CLASS = YES_ERROR;
				CLANG_WARN_RANGE_LOOP_ANALYSIS = YES;
				CLANG_WARN_STRICT_PROTOTYPES = YES;
				CLANG_WARN_SUSPICIOUS_MOVE = YES;
				CLANG_WARN_UNGUARDED_AVAILABILITY = YES_AGGRESSIVE;
				CLANG_WARN_UNREACHABLE_CODE = YES;
				CLANG_WARN__DUPLICATE_METHOD_MATCH = YES;
				CODE_SIGN_IDENTITY = "iPhone Developer";
				COPY_PHASE_STRIP = NO;
				DEBUG_INFORMATION_FORMAT = "dwarf-with-dsym";
				ENABLE_NS_ASSERTIONS = NO;
				ENABLE_STRICT_OBJC_MSGSEND = YES;
				GCC_C_LANGUAGE_STANDARD = gnu11;
				GCC_NO_COMMON_BLOCKS = YES;
				GCC_WARN_64_TO_32_BIT_CONVERSION = YES;
				GCC_WARN_ABOUT_RETURN_TYPE = YES_ERROR;
				GCC_WARN_UNDECLARED_SELECTOR = YES;
				GCC_WARN_UNINITIALIZED_AUTOS = YES_AGGRESSIVE;
				GCC_WARN_UNUSED_FUNCTION = YES;
				GCC_WARN_UNUSED_VARIABLE = YES;
				IPHONEOS_DEPLOYMENT_TARGET = 11.3;
				MTL_ENABLE_DEBUG_INFO = NO;
				SDKROOT = iphoneos;
				SWIFT_COMPILATION_MODE = wholemodule;
				SWIFT_OPTIMIZATION_LEVEL = "-O";
				VALIDATE_PRODUCT = YES;
			};
			name = Release;
		};
		37D905052087EA9F0094535A /* Debug */ = {
			isa = XCBuildConfiguration;
			buildSettings = {
				ASSETCATALOG_COMPILER_APPICON_NAME = AppIcon;
				CODE_SIGN_STYLE = Automatic;
				DEVELOPMENT_TEAM = 2QTW5ADNKZ;
				INFOPLIST_FILE = ZwiftLink/Info.plist;
				LD_RUNPATH_SEARCH_PATHS = (
					"$(inherited)",
					"@executable_path/Frameworks",
				);
				PRODUCT_BUNDLE_IDENTIFIER = com.zwiftlink.ZwiftLink;
				PRODUCT_NAME = "$(TARGET_NAME)";
				SWIFT_VERSION = 4.0;
				TARGETED_DEVICE_FAMILY = "1,2";
			};
			name = Debug;
		};
		37D905062087EA9F0094535A /* Release */ = {
			isa = XCBuildConfiguration;
			buildSettings = {
				ASSETCATALOG_COMPILER_APPICON_NAME = AppIcon;
				CODE_SIGN_STYLE = Automatic;
				DEVELOPMENT_TEAM = 2QTW5ADNKZ;
				INFOPLIST_FILE = ZwiftLink/Info.plist;
				LD_RUNPATH_SEARCH_PATHS = (
					"$(inherited)",
					"@executable_path/Frameworks",
				);
				PRODUCT_BUNDLE_IDENTIFIER = com.zwiftlink.ZwiftLink;
				PRODUCT_NAME = "$(TARGET_NAME)";
				SWIFT_VERSION = 4.0;
				TARGETED_DEVICE_FAMILY = "1,2";
			};
			name = Release;
		};
		37D905082087EA9F0094535A /* Debug */ = {
			isa = XCBuildConfiguration;
			buildSettings = {
				ALWAYS_EMBED_SWIFT_STANDARD_LIBRARIES = YES;
				BUNDLE_LOADER = "$(TEST_HOST)";
				CODE_SIGN_STYLE = Automatic;
				DEVELOPMENT_TEAM = 2QTW5ADNKZ;
				INFOPLIST_FILE = ZwiftLinkTests/Info.plist;
				LD_RUNPATH_SEARCH_PATHS = (
					"$(inherited)",
					"@executable_path/Frameworks",
					"@loader_path/Frameworks",
				);
				PRODUCT_BUNDLE_IDENTIFIER = com.zwiftlink.ZwiftLinkTests;
				PRODUCT_NAME = "$(TARGET_NAME)";
				SWIFT_VERSION = 4.0;
				TARGETED_DEVICE_FAMILY = "1,2";
				TEST_HOST = "$(BUILT_PRODUCTS_DIR)/ZwiftLink.app/ZwiftLink";
			};
			name = Debug;
		};
		37D905092087EA9F0094535A /* Release */ = {
			isa = XCBuildConfiguration;
			buildSettings = {
				ALWAYS_EMBED_SWIFT_STANDARD_LIBRARIES = YES;
				BUNDLE_LOADER = "$(TEST_HOST)";
				CODE_SIGN_STYLE = Automatic;
				DEVELOPMENT_TEAM = 2QTW5ADNKZ;
				INFOPLIST_FILE = ZwiftLinkTests/Info.plist;
				LD_RUNPATH_SEARCH_PATHS = (
					"$(inherited)",
					"@executable_path/Frameworks",
					"@loader_path/Frameworks",
				);
				PRODUCT_BUNDLE_IDENTIFIER = com.zwiftlink.ZwiftLinkTests;
				PRODUCT_NAME = "$(TARGET_NAME)";
				SWIFT_VERSION = 4.0;
				TARGETED_DEVICE_FAMILY = "1,2";
				TEST_HOST = "$(BUILT_PRODUCTS_DIR)/ZwiftLink.app/ZwiftLink";
			};
			name = Release;
		};
		37D9050B2087EA9F0094535A /* Debug */ = {
			isa = XCBuildConfiguration;
			buildSettings = {
				ALWAYS_EMBED_SWIFT_STANDARD_LIBRARIES = YES;
				CODE_SIGN_STYLE = Automatic;
				DEVELOPMENT_TEAM = 2QTW5ADNKZ;
				INFOPLIST_FILE = ZwiftLinkUITests/Info.plist;
				LD_RUNPATH_SEARCH_PATHS = (
					"$(inherited)",
					"@executable_path/Frameworks",
					"@loader_path/Frameworks",
				);
				PRODUCT_BUNDLE_IDENTIFIER = com.zwiftlink.ZwiftLinkUITests;
				PRODUCT_NAME = "$(TARGET_NAME)";
				SWIFT_VERSION = 4.0;
				TARGETED_DEVICE_FAMILY = "1,2";
				TEST_TARGET_NAME = ZwiftLink;
			};
			name = Debug;
		};
		37D9050C2087EA9F0094535A /* Release */ = {
			isa = XCBuildConfiguration;
			buildSettings = {
				ALWAYS_EMBED_SWIFT_STANDARD_LIBRARIES = YES;
				CODE_SIGN_STYLE = Automatic;
				DEVELOPMENT_TEAM = 2QTW5ADNKZ;
				INFOPLIST_FILE = ZwiftLinkUITests/Info.plist;
				LD_RUNPATH_SEARCH_PATHS = (
					"$(inherited)",
					"@executable_path/Frameworks",
					"@loader_path/Frameworks",
				);
				PRODUCT_BUNDLE_IDENTIFIER = com.zwiftlink.ZwiftLinkUITests;
				PRODUCT_NAME = "$(TARGET_NAME)";
				SWIFT_VERSION = 4.0;
				TARGETED_DEVICE_FAMILY = "1,2";
				TEST_TARGET_NAME = ZwiftLink;
			};
			name = Release;
		};
/* End XCBuildConfiguration section */

/* Begin XCConfigurationList section */
		37D904D72087EA9E0094535A /* Build configuration list for PBXProject "ZwiftLink" */ = {
			isa = XCConfigurationList;
			buildConfigurations = (
				37D905022087EA9F0094535A /* Debug */,
				37D905032087EA9F0094535A /* Release */,
			);
			defaultConfigurationIsVisible = 0;
			defaultConfigurationName = Release;
		};
		37D905042087EA9F0094535A /* Build configuration list for PBXNativeTarget "ZwiftLink" */ = {
			isa = XCConfigurationList;
			buildConfigurations = (
				37D905052087EA9F0094535A /* Debug */,
				37D905062087EA9F0094535A /* Release */,
			);
			defaultConfigurationIsVisible = 0;
			defaultConfigurationName = Release;
		};
		37D905072087EA9F0094535A /* Build configuration list for PBXNativeTarget "ZwiftLinkTests" */ = {
			isa = XCConfigurationList;
			buildConfigurations = (
				37D905082087EA9F0094535A /* Debug */,
				37D905092087EA9F0094535A /* Release */,
			);
			defaultConfigurationIsVisible = 0;
			defaultConfigurationName = Release;
		};
		37D9050A2087EA9F0094535A /* Build configuration list for PBXNativeTarget "ZwiftLinkUITests" */ = {
			isa = XCConfigurationList;
			buildConfigurations = (
				37D9050B2087EA9F0094535A /* Debug */,
				37D9050C2087EA9F0094535A /* Release */,
			);
			defaultConfigurationIsVisible = 0;
			defaultConfigurationName = Release;
		};
/* End XCConfigurationList section */
	};
	rootObject = 37D904D42087EA9E0094535A /* Project object */;
}
